
Microsoft Visual Studio Solution File, Format Version 12.00
# Visual Studio Version 17
VisualStudioVersion = 17.2.32602.215
MinimumVisualStudioVersion = 10.0.40219.1
Project("{9A19103F-16F7-4668-BE54-9A1E7A4F7556}") = "AuthenticationManagement.API", "AuthenticationManagement.API\AuthenticationManagement.API.csproj", "{870AC829-5FEC-44FF-B5FF-C437F29F1E16}"
EndProject
Global
	GlobalSection(SolutionConfigurationPlatforms) = preSolution
		Debug|Any CPU = Debug|Any CPU
		Release|Any CPU = Release|Any CPU
	EndGlobalSection
	GlobalSection(ProjectConfigurationPlatforms) = postSolution
		{870AC829-5FEC-44FF-B5FF-C437F29F1E16}.Debug|Any CPU.ActiveCfg = Debug|Any CPU
		{870AC829-5FEC-44FF-B5FF-C437F29F1E16}.Debug|Any CPU.Build.0 = Debug|Any CPU
		{870AC829-5FEC-44FF-B5FF-C437F29F1E16}.Release|Any CPU.ActiveCfg = Release|Any CPU
		{870AC829-5FEC-44FF-B5FF-C437F29F1E16}.Release|Any CPU.Build.0 = Release|Any CPU
	EndGlobalSection
	GlobalSection(SolutionProperties) = preSolution
		HideSolutionNode = FALSE
	EndGlobalSection
	GlobalSection(ExtensibilityGlobals) = postSolution
		SolutionGuid = {1A4CC300-CF45-48C1-A204-14E9C65AEA91}
	EndGlobalSection
EndGlobal
